
Microsoft Visual Studio Solution File, Format Version 12.00
Project("{FAE04EC0-301F-11D3-BF4B-00C04F79EFBC}") = "coursTestUnitaire", "coursTestUnitaire.csproj", "{4DAC016A-E597-40F1-B29B-44D57D6AF2A1}"
EndProject
Global
	GlobalSection(SolutionConfigurationPlatforms) = preSolution
		Debug|Any CPU = Debug|Any CPU
		Release|Any CPU = Release|Any CPU
	EndGlobalSection
	GlobalSection(ProjectConfigurationPlatforms) = postSolution
		{4DAC016A-E597-40F1-B29B-44D57D6AF2A1}.Debug|Any CPU.ActiveCfg = Debug|Any CPU
		{4DAC016A-E597-40F1-B29B-44D57D6AF2A1}.Debug|Any CPU.Build.0 = Debug|Any CPU
		{4DAC016A-E597-40F1-B29B-44D57D6AF2A1}.Release|Any CPU.ActiveCfg = Release|Any CPU
		{4DAC016A-E597-40F1-B29B-44D57D6AF2A1}.Release|Any CPU.Build.0 = Release|Any CPU
	EndGlobalSection
EndGlobal
